
Microsoft Visual Studio Solution File, Format Version 12.00
# Visual Studio Version 16
VisualStudioVersion = 16.0.28803.202
MinimumVisualStudioVersion = 10.0.40219.1
Project("{9A19103F-16F7-4668-BE54-9A1E7A4F7556}") = "HelpLib", "HelpLib.csproj", "{B1649393-2CC0-442F-BA75-108AD522107A}"
EndProject
Project("{FAE04EC0-301F-11D3-BF4B-00C04F79EFBC}") = "Test", "..\HelpLibTest\Test\Test.csproj", "{BEF3CD12-5AC1-462F-897F-0A1F2E265978}"
EndProject
Global
	GlobalSection(SolutionConfigurationPlatforms) = preSolution
		Debug|Any CPU = Debug|Any CPU
		Release|Any CPU = Release|Any CPU
	EndGlobalSection
	GlobalSection(ProjectConfigurationPlatforms) = postSolution
		{B1649393-2CC0-442F-BA75-108AD522107A}.Debug|Any CPU.ActiveCfg = Debug|Any CPU
		{B1649393-2CC0-442F-BA75-108AD522107A}.Debug|Any CPU.Build.0 = Debug|Any CPU
		{B1649393-2CC0-442F-BA75-108AD522107A}.Release|Any CPU.ActiveCfg = Release|Any CPU
		{B1649393-2CC0-442F-BA75-108AD522107A}.Release|Any CPU.Build.0 = Release|Any CPU
		{BEF3CD12-5AC1-462F-897F-0A1F2E265978}.Debug|Any CPU.ActiveCfg = Debug|Any CPU
		{BEF3CD12-5AC1-462F-897F-0A1F2E265978}.Debug|Any CPU.Build.0 = Debug|Any CPU
		{BEF3CD12-5AC1-462F-897F-0A1F2E265978}.Release|Any CPU.ActiveCfg = Release|Any CPU
		{BEF3CD12-5AC1-462F-897F-0A1F2E265978}.Release|Any CPU.Build.0 = Release|Any CPU
	EndGlobalSection
	GlobalSection(SolutionProperties) = preSolution
		HideSolutionNode = FALSE
	EndGlobalSection
	GlobalSection(ExtensibilityGlobals) = postSolution
		SolutionGuid = {09D507BF-C099-4EE5-B1BA-46AE7BF2FA4F}
	EndGlobalSection
EndGlobal
